
Microsoft Visual Studio Solution File, Format Version 12.00
# Visual Studio 15
VisualStudioVersion = 15.0.27004.2006
MinimumVisualStudioVersion = 10.0.40219.1
Project("{FAE04EC0-301F-11D3-BF4B-00C04F79EFBC}") = "WebApplicationWeather", "WebApplicationWeather\WebApplicationWeather.csproj", "{820D7869-C898-43AA-A641-17FF5E5F9335}"
EndProject
Project("{FAE04EC0-301F-11D3-BF4B-00C04F79EFBC}") = "Weather.Data", "Weather.Data\Weather.Data.csproj", "{8541207C-45EB-489C-89A3-9500C09D03D2}"
EndProject
Global
	GlobalSection(SolutionConfigurationPlatforms) = preSolution
		Debug|Any CPU = Debug|Any CPU
		Release|Any CPU = Release|Any CPU
	EndGlobalSection
	GlobalSection(ProjectConfigurationPlatforms) = postSolution
		{820D7869-C898-43AA-A641-17FF5E5F9335}.Debug|Any CPU.ActiveCfg = Debug|Any CPU
		{820D7869-C898-43AA-A641-17FF5E5F9335}.Debug|Any CPU.Build.0 = Debug|Any CPU
		{820D7869-C898-43AA-A641-17FF5E5F9335}.Release|Any CPU.ActiveCfg = Release|Any CPU
		{820D7869-C898-43AA-A641-17FF5E5F9335}.Release|Any CPU.Build.0 = Release|Any CPU
		{8541207C-45EB-489C-89A3-9500C09D03D2}.Debug|Any CPU.ActiveCfg = Debug|Any CPU
		{8541207C-45EB-489C-89A3-9500C09D03D2}.Debug|Any CPU.Build.0 = Debug|Any CPU
		{8541207C-45EB-489C-89A3-9500C09D03D2}.Release|Any CPU.ActiveCfg = Release|Any CPU
		{8541207C-45EB-489C-89A3-9500C09D03D2}.Release|Any CPU.Build.0 = Release|Any CPU
	EndGlobalSection
	GlobalSection(SolutionProperties) = preSolution
		HideSolutionNode = FALSE
	EndGlobalSection
	GlobalSection(ExtensibilityGlobals) = postSolution
		SolutionGuid = {1E4B55F1-585A-4BD0-A7B3-212AFD0D3D32}
	EndGlobalSection
EndGlobal
